
Microsoft Visual Studio Solution File, Format Version 12.00
# Visual Studio 2013
VisualStudioVersion = 12.0.30501.0
MinimumVisualStudioVersion = 10.0.40219.1
Project("{FAE04EC0-301F-11D3-BF4B-00C04F79EFBC}") = "ChapterTests", "ChapterTests\ChapterTests.csproj", "{F3DB344B-D51D-48E5-ACF4-D67F1D093E61}"
EndProject
Project("{FAE04EC0-301F-11D3-BF4B-00C04F79EFBC}") = "LuceneHelpers", "Common\LuceneHelpers\LuceneHelpers.csproj", "{A70EDB7F-2973-4250-81A1-682C4647F3FD}"
EndProject
Project("{2150E333-8FDC-42A3-9474-1A3956D46DE8}") = "Common", "Common", "{AA51E660-8817-4082-9A7F-4CAFE797E029}"
EndProject
Project("{2150E333-8FDC-42A3-9474-1A3956D46DE8}") = ".nuget", ".nuget", "{3497CAFA-C6C8-4EEF-A7E2-309C93F64CD7}"
	ProjectSection(SolutionItems) = preProject
		.nuget\packages.config = .nuget\packages.config
	EndProjectSection
EndProject
Project("{2150E333-8FDC-42A3-9474-1A3956D46DE8}") = "Vendor", "Vendor", "{535C025F-4299-4DBF-A99D-E82B6C79B07D}"
EndProject
Project("{FAE04EC0-301F-11D3-BF4B-00C04F79EFBC}") = "Lucene.Net", "vendor\lucene.net\src\core\Lucene.Net.csproj", "{5D4AD9BE-1FFB-41AB-9943-25737971BF57}"
EndProject
Project("{2150E333-8FDC-42A3-9474-1A3956D46DE8}") = "TestApps", "TestApps", "{860DA29B-9345-4B81-95AE-D2D3DB2F5E9A}"
EndProject
Project("{FAE04EC0-301F-11D3-BF4B-00C04F79EFBC}") = "Indexer", "TestApps\Indexer\Indexer.csproj", "{D767582E-B3AA-4A9C-B6D8-DF8EE320F5AC}"
EndProject
Project("{2150E333-8FDC-42A3-9474-1A3956D46DE8}") = "Chapter_01", "Chapter_01", "{263AD707-E053-4877-9677-EADCD8288BC8}"
EndProject
Project("{FAE04EC0-301F-11D3-BF4B-00C04F79EFBC}") = "Searcher", "TestApps\Searcher\Searcher.csproj", "{30C7D36B-E334-4B00-89D2-7E4ADAA55E8A}"
EndProject
Project("{FAE04EC0-301F-11D3-BF4B-00C04F79EFBC}") = "IndexDump", "TestApps\IndexDump\IndexDump.csproj", "{D64F6D85-3997-43F9-9A8B-78FCC24887AF}"
EndProject
Global
	GlobalSection(SolutionConfigurationPlatforms) = preSolution
		Debug|Any CPU = Debug|Any CPU
		Debug35|Any CPU = Debug35|Any CPU
		Release|Any CPU = Release|Any CPU
		Release35|Any CPU = Release35|Any CPU
	EndGlobalSection
	GlobalSection(ProjectConfigurationPlatforms) = postSolution
		{F3DB344B-D51D-48E5-ACF4-D67F1D093E61}.Debug|Any CPU.ActiveCfg = Debug|Any CPU
		{F3DB344B-D51D-48E5-ACF4-D67F1D093E61}.Debug|Any CPU.Build.0 = Debug|Any CPU
		{F3DB344B-D51D-48E5-ACF4-D67F1D093E61}.Debug35|Any CPU.ActiveCfg = Debug|Any CPU
		{F3DB344B-D51D-48E5-ACF4-D67F1D093E61}.Debug35|Any CPU.Build.0 = Debug|Any CPU
		{F3DB344B-D51D-48E5-ACF4-D67F1D093E61}.Release|Any CPU.ActiveCfg = Release|Any CPU
		{F3DB344B-D51D-48E5-ACF4-D67F1D093E61}.Release|Any CPU.Build.0 = Release|Any CPU
		{F3DB344B-D51D-48E5-ACF4-D67F1D093E61}.Release35|Any CPU.ActiveCfg = Release|Any CPU
		{F3DB344B-D51D-48E5-ACF4-D67F1D093E61}.Release35|Any CPU.Build.0 = Release|Any CPU
		{A70EDB7F-2973-4250-81A1-682C4647F3FD}.Debug|Any CPU.ActiveCfg = Debug|Any CPU
		{A70EDB7F-2973-4250-81A1-682C4647F3FD}.Debug|Any CPU.Build.0 = Debug|Any CPU
		{A70EDB7F-2973-4250-81A1-682C4647F3FD}.Debug35|Any CPU.ActiveCfg = Debug|Any CPU
		{A70EDB7F-2973-4250-81A1-682C4647F3FD}.Debug35|Any CPU.Build.0 = Debug|Any CPU
		{A70EDB7F-2973-4250-81A1-682C4647F3FD}.Release|Any CPU.ActiveCfg = Release|Any CPU
		{A70EDB7F-2973-4250-81A1-682C4647F3FD}.Release|Any CPU.Build.0 = Release|Any CPU
		{A70EDB7F-2973-4250-81A1-682C4647F3FD}.Release35|Any CPU.ActiveCfg = Release|Any CPU
		{A70EDB7F-2973-4250-81A1-682C4647F3FD}.Release35|Any CPU.Build.0 = Release|Any CPU
		{5D4AD9BE-1FFB-41AB-9943-25737971BF57}.Debug|Any CPU.ActiveCfg = Debug|Any CPU
		{5D4AD9BE-1FFB-41AB-9943-25737971BF57}.Debug|Any CPU.Build.0 = Debug|Any CPU
		{5D4AD9BE-1FFB-41AB-9943-25737971BF57}.Debug35|Any CPU.ActiveCfg = Debug35|Any CPU
		{5D4AD9BE-1FFB-41AB-9943-25737971BF57}.Debug35|Any CPU.Build.0 = Debug35|Any CPU
		{5D4AD9BE-1FFB-41AB-9943-25737971BF57}.Release|Any CPU.ActiveCfg = Release|Any CPU
		{5D4AD9BE-1FFB-41AB-9943-25737971BF57}.Release|Any CPU.Build.0 = Release|Any CPU
		{5D4AD9BE-1FFB-41AB-9943-25737971BF57}.Release35|Any CPU.ActiveCfg = Release35|Any CPU
		{5D4AD9BE-1FFB-41AB-9943-25737971BF57}.Release35|Any CPU.Build.0 = Release35|Any CPU
		{D767582E-B3AA-4A9C-B6D8-DF8EE320F5AC}.Debug|Any CPU.ActiveCfg = Debug|Any CPU
		{D767582E-B3AA-4A9C-B6D8-DF8EE320F5AC}.Debug|Any CPU.Build.0 = Debug|Any CPU
		{D767582E-B3AA-4A9C-B6D8-DF8EE320F5AC}.Debug35|Any CPU.ActiveCfg = Debug|Any CPU
		{D767582E-B3AA-4A9C-B6D8-DF8EE320F5AC}.Debug35|Any CPU.Build.0 = Debug|Any CPU
		{D767582E-B3AA-4A9C-B6D8-DF8EE320F5AC}.Release|Any CPU.ActiveCfg = Release|Any CPU
		{D767582E-B3AA-4A9C-B6D8-DF8EE320F5AC}.Release|Any CPU.Build.0 = Release|Any CPU
		{D767582E-B3AA-4A9C-B6D8-DF8EE320F5AC}.Release35|Any CPU.ActiveCfg = Release|Any CPU
		{D767582E-B3AA-4A9C-B6D8-DF8EE320F5AC}.Release35|Any CPU.Build.0 = Release|Any CPU
		{30C7D36B-E334-4B00-89D2-7E4ADAA55E8A}.Debug|Any CPU.ActiveCfg = Debug|Any CPU
		{30C7D36B-E334-4B00-89D2-7E4ADAA55E8A}.Debug|Any CPU.Build.0 = Debug|Any CPU
		{30C7D36B-E334-4B00-89D2-7E4ADAA55E8A}.Debug35|Any CPU.ActiveCfg = Debug|Any CPU
		{30C7D36B-E334-4B00-89D2-7E4ADAA55E8A}.Debug35|Any CPU.Build.0 = Debug|Any CPU
		{30C7D36B-E334-4B00-89D2-7E4ADAA55E8A}.Release|Any CPU.ActiveCfg = Release|Any CPU
		{30C7D36B-E334-4B00-89D2-7E4ADAA55E8A}.Release|Any CPU.Build.0 = Release|Any CPU
		{30C7D36B-E334-4B00-89D2-7E4ADAA55E8A}.Release35|Any CPU.ActiveCfg = Release|Any CPU
		{30C7D36B-E334-4B00-89D2-7E4ADAA55E8A}.Release35|Any CPU.Build.0 = Release|Any CPU
		{D64F6D85-3997-43F9-9A8B-78FCC24887AF}.Debug|Any CPU.ActiveCfg = Debug|Any CPU
		{D64F6D85-3997-43F9-9A8B-78FCC24887AF}.Debug|Any CPU.Build.0 = Debug|Any CPU
		{D64F6D85-3997-43F9-9A8B-78FCC24887AF}.Debug35|Any CPU.ActiveCfg = Debug|Any CPU
		{D64F6D85-3997-43F9-9A8B-78FCC24887AF}.Debug35|Any CPU.Build.0 = Debug|Any CPU
		{D64F6D85-3997-43F9-9A8B-78FCC24887AF}.Release|Any CPU.ActiveCfg = Release|Any CPU
		{D64F6D85-3997-43F9-9A8B-78FCC24887AF}.Release|Any CPU.Build.0 = Release|Any CPU
		{D64F6D85-3997-43F9-9A8B-78FCC24887AF}.Release35|Any CPU.ActiveCfg = Release|Any CPU
		{D64F6D85-3997-43F9-9A8B-78FCC24887AF}.Release35|Any CPU.Build.0 = Release|Any CPU
	EndGlobalSection
	GlobalSection(SolutionProperties) = preSolution
		HideSolutionNode = FALSE
	EndGlobalSection
	GlobalSection(NestedProjects) = preSolution
		{A70EDB7F-2973-4250-81A1-682C4647F3FD} = {AA51E660-8817-4082-9A7F-4CAFE797E029}
		{5D4AD9BE-1FFB-41AB-9943-25737971BF57} = {535C025F-4299-4DBF-A99D-E82B6C79B07D}
		{D767582E-B3AA-4A9C-B6D8-DF8EE320F5AC} = {263AD707-E053-4877-9677-EADCD8288BC8}
		{263AD707-E053-4877-9677-EADCD8288BC8} = {860DA29B-9345-4B81-95AE-D2D3DB2F5E9A}
		{30C7D36B-E334-4B00-89D2-7E4ADAA55E8A} = {263AD707-E053-4877-9677-EADCD8288BC8}
		{D64F6D85-3997-43F9-9A8B-78FCC24887AF} = {860DA29B-9345-4B81-95AE-D2D3DB2F5E9A}
	EndGlobalSection
EndGlobal
